Microsoft Visual Studio Solution File, Format Version 12.00
# Visual Studio Version 18
VisualStudioVersion = 18.6.11723.189
MinimumVisualStudioVersion = 16.0.0.0
Project("{2150E333-8FDC-42A3-9474-1A3956D46DE8}") = "Layers", "Layers", "{B339E70D-4514-4AB2-82B9-737EBA934B3E}"
EndProject
Project("{2150E333-8FDC-42A3-9474-1A3956D46DE8}") = "Solution Items", "Solution Items", "{8EC462FD-D22E-90A8-E5CE-7E832BA40C5D}"
	ProjectSection(SolutionItems) = preProject
		Directory.Packages.props = Directory.Packages.props
		README.md = README.md
	EndProjectSection
EndProject
Project("{2150E333-8FDC-42A3-9474-1A3956D46DE8}") = "Hosts", "Hosts", "{08E64B40-40D6-4209-9F90-B3631EF4D1CB}"
EndProject
Project("{FAE04EC0-301F-11D3-BF4B-00C04F79EFBC}") = "MyBirds.Application", "src\MyBirds.Application\MyBirds.Application.csproj", "{4294A014-99FC-5546-1703-02D6FBD5651F}"
EndProject
Project("{FAE04EC0-301F-11D3-BF4B-00C04F79EFBC}") = "MyBirds.Domain", "src\MyBirds.Domain\MyBirds.Domain.csproj", "{FBA22F46-69AC-D434-304B-061ACC20E1B0}"
EndProject
Project("{FAE04EC0-301F-11D3-BF4B-00C04F79EFBC}") = "MyBirds.Infrastructure", "src\MyBirds.Infrastructure\MyBirds.Infrastructure.csproj", "{1060F5F6-D957-7BD3-FD33-B0ECA1C83F4B}"
EndProject
Project("{2150E333-8FDC-42A3-9474-1A3956D46DE8}") = "Tools", "Tools", "{C4C1A428-54A7-4FE7-8025-BE8D901CAE0C}"
EndProject
Project("{FAE04EC0-301F-11D3-BF4B-00C04F79EFBC}") = "MyBirds.Migrations", "src\MyBirds.Migrations\MyBirds.Migrations.csproj", "{1D8563FA-EF59-173D-BF8C-B42C1CEC36B9}"
EndProject
Project("{FAE04EC0-301F-11D3-BF4B-00C04F79EFBC}") = "MyBirds.Client", "src\MyBirds.Client\MyBirds.Client.csproj", "{4C740CFF-F654-0D1F-F33B-C16BC4BF6976}"
EndProject
Project("{FAE04EC0-301F-11D3-BF4B-00C04F79EFBC}") = "MyBirds.Server", "src\MyBirds.Server\MyBirds.Server.csproj", "{558B44C8-DA22-69F5-D7DE-2099C65508B7}"
EndProject
Project("{FAE04EC0-301F-11D3-BF4B-00C04F79EFBC}") = "MyBirds.Shared", "src\MyBirds.Shared\MyBirds.Shared.csproj", "{BA5C2014-2587-EBC3-DF41-285B3001EE17}"
EndProject
Global
	GlobalSection(SolutionConfigurationPlatforms) = preSolution
		Debug|Any CPU = Debug|Any CPU
		Debug|x64 = Debug|x64
		Debug|x86 = Debug|x86
		Release|Any CPU = Release|Any CPU
		Release|x64 = Release|x64
		Release|x86 = Release|x86
	EndGlobalSection
	GlobalSection(ProjectConfigurationPlatforms) = postSolution
		{4294A014-99FC-5546-1703-02D6FBD5651F}.Debug|Any CPU.ActiveCfg = Debug|Any CPU
		{4294A014-99FC-5546-1703-02D6FBD5651F}.Debug|Any CPU.Build.0 = Debug|Any CPU
		{4294A014-99FC-5546-1703-02D6FBD5651F}.Debug|x64.ActiveCfg = Debug|Any CPU
		{4294A014-99FC-5546-1703-02D6FBD5651F}.Debug|x64.Build.0 = Debug|Any CPU
		{4294A014-99FC-5546-1703-02D6FBD5651F}.Debug|x86.ActiveCfg = Debug|Any CPU
		{4294A014-99FC-5546-1703-02D6FBD5651F}.Debug|x86.Build.0 = Debug|Any CPU
		{4294A014-99FC-5546-1703-02D6FBD5651F}.Release|Any CPU.ActiveCfg = Release|Any CPU
		{4294A014-99FC-5546-1703-02D6FBD5651F}.Release|Any CPU.Build.0 = Release|Any CPU
		{4294A014-99FC-5546-1703-02D6FBD5651F}.Release|x64.ActiveCfg = Release|Any CPU
		{4294A014-99FC-5546-1703-02D6FBD5651F}.Release|x64.Build.0 = Release|Any CPU
		{4294A014-99FC-5546-1703-02D6FBD5651F}.Release|x86.ActiveCfg = Release|Any CPU
		{4294A014-99FC-5546-1703-02D6FBD5651F}.Release|x86.Build.0 = Release|Any CPU
		{FBA22F46-69AC-D434-304B-061ACC20E1B0}.Debug|Any CPU.ActiveCfg = Debug|Any CPU
		{FBA22F46-69AC-D434-304B-061ACC20E1B0}.Debug|Any CPU.Build.0 = Debug|Any CPU
		{FBA22F46-69AC-D434-304B-061ACC20E1B0}.Debug|x64.ActiveCfg = Debug|Any CPU
		{FBA22F46-69AC-D434-304B-061ACC20E1B0}.Debug|x64.Build.0 = Debug|Any CPU
		{FBA22F46-69AC-D434-304B-061ACC20E1B0}.Debug|x86.ActiveCfg = Debug|Any CPU
		{FBA22F46-69AC-D434-304B-061ACC20E1B0}.Debug|x86.Build.0 = Debug|Any CPU
		{FBA22F46-69AC-D434-304B-061ACC20E1B0}.Release|Any CPU.ActiveCfg = Release|Any CPU
		{FBA22F46-69AC-D434-304B-061ACC20E1B0}.Release|Any CPU.Build.0 = Release|Any CPU
		{FBA22F46-69AC-D434-304B-061ACC20E1B0}.Release|x64.ActiveCfg = Release|Any CPU
		{FBA22F46-69AC-D434-304B-061ACC20E1B0}.Release|x64.Build.0 = Release|Any CPU
		{FBA22F46-69AC-D434-304B-061ACC20E1B0}.Release|x86.ActiveCfg = Release|Any CPU
		{FBA22F46-69AC-D434-304B-061ACC20E1B0}.Release|x86.Build.0 = Release|Any CPU
		{1060F5F6-D957-7BD3-FD33-B0ECA1C83F4B}.Debug|Any CPU.ActiveCfg = Debug|Any CPU
		{1060F5F6-D957-7BD3-FD33-B0ECA1C83F4B}.Debug|Any CPU.Build.0 = Debug|Any CPU
		{1060F5F6-D957-7BD3-FD33-B0ECA1C83F4B}.Debug|x64.ActiveCfg = Debug|Any CPU
		{1060F5F6-D957-7BD3-FD33-B0ECA1C83F4B}.Debug|x64.Build.0 = Debug|Any CPU
		{1060F5F6-D957-7BD3-FD33-B0ECA1C83F4B}.Debug|x86.ActiveCfg = Debug|Any CPU
		{1060F5F6-D957-7BD3-FD33-B0ECA1C83F4B}.Debug|x86.Build.0 = Debug|Any CPU
		{1060F5F6-D957-7BD3-FD33-B0ECA1C83F4B}.Release|Any CPU.ActiveCfg = Release|Any CPU
		{1060F5F6-D957-7BD3-FD33-B0ECA1C83F4B}.Release|Any CPU.Build.0 = Release|Any CPU
		{1060F5F6-D957-7BD3-FD33-B0ECA1C83F4B}.Release|x64.ActiveCfg = Release|Any CPU
		{1060F5F6-D957-7BD3-FD33-B0ECA1C83F4B}.Release|x64.Build.0 = Release|Any CPU
		{1060F5F6-D957-7BD3-FD33-B0ECA1C83F4B}.Release|x86.ActiveCfg = Release|Any CPU
		{1060F5F6-D957-7BD3-FD33-B0ECA1C83F4B}.Release|x86.Build.0 = Release|Any CPU
		{1D8563FA-EF59-173D-BF8C-B42C1CEC36B9}.Debug|Any CPU.ActiveCfg = Debug|Any CPU
		{1D8563FA-EF59-173D-BF8C-B42C1CEC36B9}.Debug|Any CPU.Build.0 = Debug|Any CPU
		{1D8563FA-EF59-173D-BF8C-B42C1CEC36B9}.Debug|x64.ActiveCfg = Debug|Any CPU
		{1D8563FA-EF59-173D-BF8C-B42C1CEC36B9}.Debug|x64.Build.0 = Debug|Any CPU
		{1D8563FA-EF59-173D-BF8C-B42C1CEC36B9}.Debug|x86.ActiveCfg = Debug|Any CPU
		{1D8563FA-EF59-173D-BF8C-B42C1CEC36B9}.Debug|x86.Build.0 = Debug|Any CPU
		{1D8563FA-EF59-173D-BF8C-B42C1CEC36B9}.Release|Any CPU.ActiveCfg = Release|Any CPU
		{1D8563FA-EF59-173D-BF8C-B42C1CEC36B9}.Release|Any CPU.Build.0 = Release|Any CPU
		{1D8563FA-EF59-173D-BF8C-B42C1CEC36B9}.Release|x64.ActiveCfg = Release|Any CPU
		{1D8563FA-EF59-173D-BF8C-B42C1CEC36B9}.Release|x64.Build.0 = Release|Any CPU
		{1D8563FA-EF59-173D-BF8C-B42C1CEC36B9}.Release|x86.ActiveCfg = Release|Any CPU
		{1D8563FA-EF59-173D-BF8C-B42C1CEC36B9}.Release|x86.Build.0 = Release|Any CPU
		{4C740CFF-F654-0D1F-F33B-C16BC4BF6976}.Debug|Any CPU.ActiveCfg = Debug|Any CPU
		{4C740CFF-F654-0D1F-F33B-C16BC4BF6976}.Debug|Any CPU.Build.0 = Debug|Any CPU
		{4C740CFF-F654-0D1F-F33B-C16BC4BF6976}.Debug|x64.ActiveCfg = Debug|Any CPU
		{4C740CFF-F654-0D1F-F33B-C16BC4BF6976}.Debug|x64.Build.0 = Debug|Any CPU
		{4C740CFF-F654-0D1F-F33B-C16BC4BF6976}.Debug|x86.ActiveCfg = Debug|Any CPU
		{4C740CFF-F654-0D1F-F33B-C16BC4BF6976}.Debug|x86.Build.0 = Debug|Any CPU
		{4C740CFF-F654-0D1F-F33B-C16BC4BF6976}.Release|Any CPU.ActiveCfg = Release|Any CPU
		{4C740CFF-F654-0D1F-F33B-C16BC4BF6976}.Release|Any CPU.Build.0 = Release|Any CPU
		{4C740CFF-F654-0D1F-F33B-C16BC4BF6976}.Release|x64.ActiveCfg = Release|Any CPU
		{4C740CFF-F654-0D1F-F33B-C16BC4BF6976}.Release|x64.Build.0 = Release|Any CPU
		{4C740CFF-F654-0D1F-F33B-C16BC4BF6976}.Release|x86.ActiveCfg = Release|Any CPU
		{4C740CFF-F654-0D1F-F33B-C16BC4BF6976}.Release|x86.Build.0 = Release|Any CPU
		{558B44C8-DA22-69F5-D7DE-2099C65508B7}.Debug|Any CPU.ActiveCfg = Debug|Any CPU
		{558B44C8-DA22-69F5-D7DE-2099C65508B7}.Debug|Any CPU.Build.0 = Debug|Any CPU
		{558B44C8-DA22-69F5-D7DE-2099C65508B7}.Debug|x64.ActiveCfg = Debug|Any CPU
		{558B44C8-DA22-69F5-D7DE-2099C65508B7}.Debug|x64.Build.0 = Debug|Any CPU
		{558B44C8-DA22-69F5-D7DE-2099C65508B7}.Debug|x86.ActiveCfg = Debug|Any CPU
		{558B44C8-DA22-69F5-D7DE-2099C65508B7}.Debug|x86.Build.0 = Debug|Any CPU
		{558B44C8-DA22-69F5-D7DE-2099C65508B7}.Release|Any CPU.ActiveCfg = Release|Any CPU
		{558B44C8-DA22-69F5-D7DE-2099C65508B7}.Release|Any CPU.Build.0 = Release|Any CPU
		{558B44C8-DA22-69F5-D7DE-2099C65508B7}.Release|x64.ActiveCfg = Release|Any CPU
		{558B44C8-DA22-69F5-D7DE-2099C65508B7}.Release|x64.Build.0 = Release|Any CPU
		{558B44C8-DA22-69F5-D7DE-2099C65508B7}.Release|x86.ActiveCfg = Release|Any CPU
		{558B44C8-DA22-69F5-D7DE-2099C65508B7}.Release|x86.Build.0 = Release|Any CPU
		{BA5C2014-2587-EBC3-DF41-285B3001EE17}.Debug|Any CPU.ActiveCfg = Debug|Any CPU
		{BA5C2014-2587-EBC3-DF41-285B3001EE17}.Debug|Any CPU.Build.0 = Debug|Any CPU
		{BA5C2014-2587-EBC3-DF41-285B3001EE17}.Debug|x64.ActiveCfg = Debug|Any CPU
		{BA5C2014-2587-EBC3-DF41-285B3001EE17}.Debug|x64.Build.0 = Debug|Any CPU
		{BA5C2014-2587-EBC3-DF41-285B3001EE17}.Debug|x86.ActiveCfg = Debug|Any CPU
		{BA5C2014-2587-EBC3-DF41-285B3001EE17}.Debug|x86.Build.0 = Debug|Any CPU
		{BA5C2014-2587-EBC3-DF41-285B3001EE17}.Release|Any CPU.ActiveCfg = Release|Any CPU
		{BA5C2014-2587-EBC3-DF41-285B3001EE17}.Release|Any CPU.Build.0 = Release|Any CPU
		{BA5C2014-2587-EBC3-DF41-285B3001EE17}.Release|x64.ActiveCfg = Release|Any CPU
		{BA5C2014-2587-EBC3-DF41-285B3001EE17}.Release|x64.Build.0 = Release|Any CPU
		{BA5C2014-2587-EBC3-DF41-285B3001EE17}.Release|x86.ActiveCfg = Release|Any CPU
		{BA5C2014-2587-EBC3-DF41-285B3001EE17}.Release|x86.Build.0 = Release|Any CPU
	EndGlobalSection
	GlobalSection(SolutionProperties) = preSolution
		HideSolutionNode = FALSE
	EndGlobalSection
	GlobalSection(NestedProjects) = preSolution
		{4294A014-99FC-5546-1703-02D6FBD5651F} = {B339E70D-4514-4AB2-82B9-737EBA934B3E}
		{FBA22F46-69AC-D434-304B-061ACC20E1B0} = {B339E70D-4514-4AB2-82B9-737EBA934B3E}
		{1060F5F6-D957-7BD3-FD33-B0ECA1C83F4B} = {B339E70D-4514-4AB2-82B9-737EBA934B3E}
		{1D8563FA-EF59-173D-BF8C-B42C1CEC36B9} = {C4C1A428-54A7-4FE7-8025-BE8D901CAE0C}
		{4C740CFF-F654-0D1F-F33B-C16BC4BF6976} = {08E64B40-40D6-4209-9F90-B3631EF4D1CB}
		{558B44C8-DA22-69F5-D7DE-2099C65508B7} = {08E64B40-40D6-4209-9F90-B3631EF4D1CB}
	EndGlobalSection
	GlobalSection(ExtensibilityGlobals) = postSolution
		SolutionGuid = {A084614A-AE09-4922-86C3-3A1DD5E2CB36}
	EndGlobalSection
EndGlobal
